// !$*UTF8*$!
{
	archiveVersion = 1;
	classes = {
	};
	objectVersion = 50;
	objects = {

/* Begin PBXBuildFile section */
		6C106F4925F655BB0047E0B0 /* AppDelegate.swift in Sources */ = {isa = PBXBuildFile; fileRef = 6C106F4825F655BB0047E0B0 /* AppDelegate.swift */; };
		6C106F4B25F655BB0047E0B0 /* ContentView.swift in Sources */ = {isa = PBXBuildFile; fileRef = 6C106F4A25F655BB0047E0B0 /* ContentView.swift */; };
		6C106F4D25F655BC0047E0B0 /* Assets.xcassets in Resources */ = {isa = PBXBuildFile; fileRef = 6C106F4C25F655BC0047E0B0 /* Assets.xcassets */; };
		6C106F5025F655BC0047E0B0 /* Preview Assets.xcassets in Resources */ = {isa = PBXBuildFile; fileRef = 6C106F4F25F655BC0047E0B0 /* Preview Assets.xcassets */; };
		6C106F5325F655BC0047E0B0 /* Main.storyboard in Resources */ = {isa = PBXBuildFile; fileRef = 6C106F5125F655BC0047E0B0 /* Main.storyboard */; };
		6C106F5F25F655BC0047E0B0 /* SnapTests.swift in Sources */ = {isa = PBXBuildFile; fileRef = 6C106F5E25F655BC0047E0B0 /* SnapTests.swift */; };
		6C106F6A25F655BC0047E0B0 /* SnapUITests.swift in Sources */ = {isa = PBXBuildFile; fileRef = 6C106F6925F655BC0047E0B0 /* SnapUITests.swift */; };
/* End PBXBuildFile section */

/* Begin PBXContainerItemProxy section */
		6C106F5B25F655BC0047E0B0 /* PBXContainerItemProxy */ = {
			isa = PBXContainerItemProxy;
			containerPortal = 6C106F3D25F655BB0047E0B0 /* Project object */;
			proxyType = 1;
			remoteGlobalIDString = 6C106F4425F655BB0047E0B0;
			remoteInfo = Snap;
		};
		6C106F6625F655BC0047E0B0 /* PBXContainerItemProxy */ = {
			isa = PBXContainerItemProxy;
			containerPortal = 6C106F3D25F655BB0047E0B0 /* Project object */;
			proxyType = 1;
			remoteGlobalIDString = 6C106F4425F655BB0047E0B0;
			remoteInfo = Snap;
		};
/* End PBXContainerItemProxy section */

/* Begin PBXFileReference section */
		6C106F4525F655BB0047E0B0 /* Snap.app */ = {isa = PBXFileReference; explicitFileType = wrapper.application; includeInIndex = 0; path = Snap.app; sourceTree = BUILT_PRODUCTS_DIR; };
		6C106F4825F655BB0047E0B0 /* AppDelegate.swift */ = {isa = PBXFileReference; lastKnownFileType = sourcecode.swift; path = AppDelegate.swift; sourceTree = "<group>"; };
		6C106F4A25F655BB0047E0B0 /* ContentView.swift */ = {isa = PBXFileReference; lastKnownFileType = sourcecode.swift; path = ContentView.swift; sourceTree = "<group>"; };
		6C106F4C25F655BC0047E0B0 /* Assets.xcassets */ = {isa = PBXFileReference; lastKnownFileType = folder.assetcatalog; path = Assets.xcassets; sourceTree = "<group>"; };
		6C106F4F25F655BC0047E0B0 /* Preview Assets.xcassets */ = {isa = PBXFileReference; lastKnownFileType = folder.assetcatalog; path = "Preview Assets.xcassets"; sourceTree = "<group>"; };
		6C106F5225F655BC0047E0B0 /* Base */ = {isa = PBXFileReference; lastKnownFileType = file.storyboard; name = Base; path = Base.lproj/Main.storyboard; sourceTree = "<group>"; };
		6C106F5425F655BC0047E0B0 /* Info.plist */ = {isa = PBXFileReference; lastKnownFileType = text.plist.xml; path = Info.plist; sourceTree = "<group>"; };
		6C106F5525F655BC0047E0B0 /* Snap.entitlements */ = {isa = PBXFileReference; lastKnownFileType = text.plist.entitlements; path = Snap.entitlements; sourceTree = "<group>"; };
		6C106F5A25F655BC0047E0B0 /* SnapTests.xctest */ = {isa = PBXFileReference; explicitFileType = wrapper.cfbundle; includeInIndex = 0; path = SnapTests.xctest; sourceTree = BUILT_PRODUCTS_DIR; };
		6C106F5E25F655BC0047E0B0 /* SnapTests.swift */ = {isa = PBXFileReference; lastKnownFileType = sourcecode.swift; path = SnapTests.swift; sourceTree = "<group>"; };
		6C106F6025F655BC0047E0B0 /* Info.plist */ = {isa = PBXFileReference; lastKnownFileType = text.plist.xml; path = Info.plist; sourceTree = "<group>"; };
		6C106F6525F655BC0047E0B0 /* SnapUITests.xctest */ = {isa = PBXFileReference; explicitFileType = wrapper.cfbundle; includeInIndex = 0; path = SnapUITests.xctest; sourceTree = BUILT_PRODUCTS_DIR; };
		6C106F6925F655BC0047E0B0 /* SnapUITests.swift */ = {isa = PBXFileReference; lastKnownFileType = sourcecode.swift; path = SnapUITests.swift; sourceTree = "<group>"; };
		6C106F6B25F655BC0047E0B0 /* Info.plist */ = {isa = PBXFileReference; lastKnownFileType = text.plist.xml; path = Info.plist; sourceTree = "<group>"; };
/* End PBXFileReference section */

/* Begin PBXFrameworksBuildPhase section */
		6C106F4225F655BB0047E0B0 /* Frameworks */ = {
			isa = PBXFrameworksBuildPhase;
			buildActionMask = 2147483647;
			files = (
			);
			runOnlyForDeploymentPostprocessing = 0;
		};
		6C106F5725F655BC0047E0B0 /* Frameworks */ = {
			isa = PBXFrameworksBuildPhase;
			buildActionMask = 2147483647;
			files = (
			);
			runOnlyForDeploymentPostprocessing = 0;
		};
		6C106F6225F655BC0047E0B0 /* Frameworks */ = {
			isa = PBXFrameworksBuildPhase;
			buildActionMask = 2147483647;
			files = (
			);
			runOnlyForDeploymentPostprocessing = 0;
		};
/* End PBXFrameworksBuildPhase section */

/* Begin PBXGroup section */
		6C106F3C25F655BB0047E0B0 = {
			isa = PBXGroup;
			children = (
				6C106F4725F655BB0047E0B0 /* Snap */,
				6C106F5D25F655BC0047E0B0 /* SnapTests */,
				6C106F6825F655BC0047E0B0 /* SnapUITests */,
				6C106F4625F655BB0047E0B0 /* Products */,
			);
			sourceTree = "<group>";
		};
		6C106F4625F655BB0047E0B0 /* Products */ = {
			isa = PBXGroup;
			children = (
				6C106F4525F655BB0047E0B0 /* Snap.app */,
				6C106F5A25F655BC0047E0B0 /* SnapTests.xctest */,
				6C106F6525F655BC0047E0B0 /* SnapUITests.xctest */,
			);
			name = Products;
			sourceTree = "<group>";
		};
		6C106F4725F655BB0047E0B0 /* Snap */ = {
			isa = PBXGroup;
			children = (
				6C106F4825F655BB0047E0B0 /* AppDelegate.swift */,
				6C106F4A25F655BB0047E0B0 /* ContentView.swift */,
				6C106F4C25F655BC0047E0B0 /* Assets.xcassets */,
				6C106F5125F655BC0047E0B0 /* Main.storyboard */,
				6C106F5425F655BC0047E0B0 /* Info.plist */,
				6C106F5525F655BC0047E0B0 /* Snap.entitlements */,
				6C106F4E25F655BC0047E0B0 /* Preview Content */,
			);
			path = Snap;
			sourceTree = "<group>";
		};
		6C106F4E25F655BC0047E0B0 /* Preview Content */ = {
			isa = PBXGroup;
			children = (
				6C106F4F25F655BC0047E0B0 /* Preview Assets.xcassets */,
			);
			path = "Preview Content";
			sourceTree = "<group>";
		};
		6C106F5D25F655BC0047E0B0 /* SnapTests */ = {
			isa = PBXGroup;
			children = (
				6C106F5E25F655BC0047E0B0 /* SnapTests.swift */,
				6C106F6025F655BC0047E0B0 /* Info.plist */,
			);
			path = SnapTests;
			sourceTree = "<group>";
		};
		6C106F6825F655BC0047E0B0 /* SnapUITests */ = {
			isa = PBXGroup;
			children = (
				6C106F6925F655BC0047E0B0 /* SnapUITests.swift */,
				6C106F6B25F655BC0047E0B0 /* Info.plist */,
			);
			path = SnapUITests;
			sourceTree = "<group>";
		};
/* End PBXGroup section */

/* Begin PBXNativeTarget section */
		6C106F4425F655BB0047E0B0 /* Snap */ = {
			isa = PBXNativeTarget;
			buildConfigurationList = 6C106F6E25F655BC0047E0B0 /* Build configuration list for PBXNativeTarget "Snap" */;
			buildPhases = (
				6C106F4125F655BB0047E0B0 /* Sources */,
				6C106F4225F655BB0047E0B0 /* Frameworks */,
				6C106F4325F655BB0047E0B0 /* Resources */,
			);
			buildRules = (
			);
			dependencies = (
			);
			name = Snap;
			productName = Snap;
			productReference = 6C106F4525F655BB0047E0B0 /* Snap.app */;
			productType = "com.apple.product-type.application";
		};
		6C106F5925F655BC0047E0B0 /* SnapTests */ = {
			isa = PBXNativeTarget;
			buildConfigurationList = 6C106F7125F655BC0047E0B0 /* Build configuration list for PBXNativeTarget "SnapTests" */;
			buildPhases = (
				6C106F5625F655BC0047E0B0 /* Sources */,
				6C106F5725F655BC0047E0B0 /* Frameworks */,
				6C106F5825F655BC0047E0B0 /* Resources */,
			);
			buildRules = (
			);
			dependencies = (
				6C106F5C25F655BC0047E0B0 /* PBXTargetDependency */,
			);
			name = SnapTests;
			productName = SnapTests;
			productReference = 6C106F5A25F655BC0047E0B0 /* SnapTests.xctest */;
			productType = "com.apple.product-type.bundle.unit-test";
		};
		6C106F6425F655BC0047E0B0 /* SnapUITests */ = {
			isa = PBXNativeTarget;
			buildConfigurationList = 6C106F7425F655BC0047E0B0 /* Build configuration list for PBXNativeTarget "SnapUITests" */;
			buildPhases = (
				6C106F6125F655BC0047E0B0 /* Sources */,
				6C106F6225F655BC0047E0B0 /* Frameworks */,
				6C106F6325F655BC0047E0B0 /* Resources */,
			);
			buildRules = (
			);
			dependencies = (
				6C106F6725F655BC0047E0B0 /* PBXTargetDependency */,
			);
			name = SnapUITests;
			productName = SnapUITests;
			productReference = 6C106F6525F655BC0047E0B0 /* SnapUITests.xctest */;
			productType = "com.apple.product-type.bundle.ui-testing";
		};
/* End PBXNativeTarget section */

/* Begin PBXProject section */
		6C106F3D25F655BB0047E0B0 /* Project object */ = {
			isa = PBXProject;
			attributes = {
				LastSwiftUpdateCheck = 1240;
				LastUpgradeCheck = 1240;
				TargetAttributes = {
					6C106F4425F655BB0047E0B0 = {
						CreatedOnToolsVersion = 12.4;
					};
					6C106F5925F655BC0047E0B0 = {
						CreatedOnToolsVersion = 12.4;
						TestTargetID = 6C106F4425F655BB0047E0B0;
					};
					6C106F6425F655BC0047E0B0 = {
						CreatedOnToolsVersion = 12.4;
						TestTargetID = 6C106F4425F655BB0047E0B0;
					};
				};
			};
			buildConfigurationList = 6C106F4025F655BB0047E0B0 /* Build configuration list for PBXProject "Snap" */;
			compatibilityVersion = "Xcode 9.3";
			developmentRegion = en;
			hasScannedForEncodings = 0;
			knownRegions = (
				en,
				Base,
			);
			mainGroup = 6C106F3C25F655BB0047E0B0;
			productRefGroup = 6C106F4625F655BB0047E0B0 /* Products */;
			projectDirPath = "";
			projectRoot = "";
			targets = (
				6C106F4425F655BB0047E0B0 /* Snap */,
				6C106F5925F655BC0047E0B0 /* SnapTests */,
				6C106F6425F655BC0047E0B0 /* SnapUITests */,
			);
		};
/* End PBXProject section */

/* Begin PBXResourcesBuildPhase section */
		6C106F4325F655BB0047E0B0 /* Resources */ = {
			isa = PBXResourcesBuildPhase;
			buildActionMask = 2147483647;
			files = (
				6C106F5325F655BC0047E0B0 /* Main.storyboard in Resources */,
				6C106F5025F655BC0047E0B0 /* Preview Assets.xcassets in Resources */,
				6C106F4D25F655BC0047E0B0 /* Assets.xcassets in Resources */,
			);
			runOnlyForDeploymentPostprocessing = 0;
		};
		6C106F5825F655BC0047E0B0 /* Resources */ = {
			isa = PBXResourcesBuildPhase;
			buildActionMask = 2147483647;
			files = (
			);
			runOnlyForDeploymentPostprocessing = 0;
		};
		6C106F6325F655BC0047E0B0 /* Resources */ = {
			isa = PBXResourcesBuildPhase;
			buildActionMask = 2147483647;
			files = (
			);
			runOnlyForDeploymentPostprocessing = 0;
		};
/* End PBXResourcesBuildPhase section */

/* Begin PBXSourcesBuildPhase section */
		6C106F4125F655BB0047E0B0 /* Sources */ = {
			isa = PBXSourcesBuildPhase;
			buildActionMask = 2147483647;
			files = (
				6C106F4B25F655BB0047E0B0 /* ContentView.swift in Sources */,
				6C106F4925F655BB0047E0B0 /* AppDelegate.swift in Sources */,
			);
			runOnlyForDeploymentPostprocessing = 0;
		};
		6C106F5625F655BC0047E0B0 /* Sources */ = {
			isa = PBXSourcesBuildPhase;
			buildActionMask = 2147483647;
			files = (
				6C106F5F25F655BC0047E0B0 /* SnapTests.swift in Sources */,
			);
			runOnlyForDeploymentPostprocessing = 0;
		};
		6C106F6125F655BC0047E0B0 /* Sources */ = {
			isa = PBXSourcesBuildPhase;
			buildActionMask = 2147483647;
			files = (
				6C106F6A25F655BC0047E0B0 /* SnapUITests.swift in Sources */,
			);
			runOnlyForDeploymentPostprocessing = 0;
		};
/* End PBXSourcesBuildPhase section */

/* Begin PBXTargetDependency section */
		6C106F5C25F655BC0047E0B0 /* PBXTargetDependency */ = {
			isa = PBXTargetDependency;
			target = 6C106F4425F655BB0047E0B0 /* Snap */;
			targetProxy = 6C106F5B25F655BC0047E0B0 /* PBXContainerItemProxy */;
		};
		6C106F6725F655BC0047E0B0 /* PBXTargetDependency */ = {
			isa = PBXTargetDependency;
			target = 6C106F4425F655BB0047E0B0 /* Snap */;
			targetProxy = 6C106F6625F655BC0047E0B0 /* PBXContainerItemProxy */;
		};
/* End PBXTargetDependency section */

/* Begin PBXVariantGroup section */
		6C106F5125F655BC0047E0B0 /* Main.storyboard */ = {
			isa = PBXVariantGroup;
			children = (
				6C106F5225F655BC0047E0B0 /* Base */,
			);
			name = Main.storyboard;
			sourceTree = "<group>";
		};
/* End PBXVariantGroup section */

/* Begin XCBuildConfiguration section */
		6C106F6C25F655BC0047E0B0 /* Debug */ = {
			isa = XCBuildConfiguration;
			buildSettings = {
				ALWAYS_SEARCH_USER_PATHS = NO;
				CLANG_ANALYZER_NONNULL = YES;
				CLANG_ANALYZER_NUMBER_OBJECT_CONVERSION = YES_AGGRESSIVE;
				CLANG_CXX_LANGUAGE_STANDARD = "gnu++14";
				CLANG_CXX_LIBRARY = "libc++";
				CLANG_ENABLE_MODULES = YES;
				CLANG_ENABLE_OBJC_ARC = YES;
				CLANG_ENABLE_OBJC_WEAK = YES;
				CLANG_WARN_BLOCK_CAPTURE_AUTORELEASING = YES;
				CLANG_WARN_BOOL_CONVERSION = YES;
				CLANG_WARN_COMMA = YES;
				CLANG_WARN_CONSTANT_CONVERSION = YES;
				CLANG_WARN_DEPRECATED_OBJC_IMPLEMENTATIONS = YES;
				CLANG_WARN_DIRECT_OBJC_ISA_USAGE = YES_ERROR;
				CLANG_WARN_DOCUMENTATION_COMMENTS = YES;
				CLANG_WARN_EMPTY_BODY = YES;
				CLANG_WARN_ENUM_CONVERSION = YES;
				CLANG_WARN_INFINITE_RECURSION = YES;
				CLANG_WARN_INT_CONVERSION = YES;
				CLANG_WARN_NON_LITERAL_NULL_CONVERSION = YES;
				CLANG_WARN_OBJC_IMPLICIT_RETAIN_SELF = YES;
				CLANG_WARN_OBJC_LITERAL_CONVERSION = YES;
				CLANG_WARN_OBJC_ROOT_CLASS = YES_ERROR;
				CLANG_WARN_QUOTED_INCLUDE_IN_FRAMEWORK_HEADER = YES;
				CLANG_WARN_RANGE_LOOP_ANALYSIS = YES;
				CLANG_WARN_STRICT_PROTOTYPES = YES;
				CLANG_WARN_SUSPICIOUS_MOVE = YES;
				CLANG_WARN_UNGUARDED_AVAILABILITY = YES_AGGRESSIVE;
				CLANG_WARN_UNREACHABLE_CODE = YES;
				CLANG_WARN__DUPLICATE_METHOD_MATCH = YES;
				COPY_PHASE_STRIP = NO;
				DEBUG_INFORMATION_FORMAT = dwarf;
				ENABLE_STRICT_OBJC_MSGSEND = YES;
				ENABLE_TESTABILITY = YES;
				GCC_C_LANGUAGE_STANDARD = gnu11;
				GCC_DYNAMIC_NO_PIC = NO;
				GCC_NO_COMMON_BLOCKS = YES;
				GCC_OPTIMIZATION_LEVEL = 0;
				GCC_PREPROCESSOR_DEFINITIONS = (
					"DEBUG=1",
					"$(inherited)",
				);
				GCC_WARN_64_TO_32_BIT_CONVERSION = YES;
				GCC_WARN_ABOUT_RETURN_TYPE = YES_ERROR;
				GCC_WARN_UNDECLARED_SELECTOR = YES;
				GCC_WARN_UNINITIALIZED_AUTOS = YES_AGGRESSIVE;
				GCC_WARN_UNUSED_FUNCTION = YES;
				GCC_WARN_UNUSED_VARIABLE = YES;
				MACOSX_DEPLOYMENT_TARGET = 11.1;
				MTL_ENABLE_DEBUG_INFO = INCLUDE_SOURCE;
				MTL_FAST_MATH = YES;
				ONLY_ACTIVE_ARCH = YES;
				SDKROOT = macosx;
				SWIFT_ACTIVE_COMPILATION_CONDITIONS = DEBUG;
				SWIFT_OPTIMIZATION_LEVEL = "-Onone";
			};
			name = Debug;
		};
		6C106F6D25F655BC0047E0B0 /* Release */ = {
			isa = XCBuildConfiguration;
			buildSettings = {
				ALWAYS_SEARCH_USER_PATHS = NO;
				CLANG_ANALYZER_NONNULL = YES;
				CLANG_ANALYZER_NUMBER_OBJECT_CONVERSION = YES_AGGRESSIVE;
				CLANG_CXX_LANGUAGE_STANDARD = "gnu++14";
				CLANG_CXX_LIBRARY = "libc++";
				CLANG_ENABLE_MODULES = YES;
				CLANG_ENABLE_OBJC_ARC = YES;
				CLANG_ENABLE_OBJC_WEAK = YES;
				CLANG_WARN_BLOCK_CAPTURE_AUTORELEASING = YES;
				CLANG_WARN_BOOL_CONVERSION = YES;
				CLANG_WARN_COMMA = YES;
				CLANG_WARN_CONSTANT_CONVERSION = YES;
				CLANG_WARN_DEPRECATED_OBJC_IMPLEMENTATIONS = YES;
				CLANG_WARN_DIRECT_OBJC_ISA_USAGE = YES_ERROR;
				CLANG_WARN_DOCUMENTATION_COMMENTS = YES;
				CLANG_WARN_EMPTY_BODY = YES;
				CLANG_WARN_ENUM_CONVERSION = YES;
				CLANG_WARN_INFINITE_RECURSION = YES;
				CLANG_WARN_INT_CONVERSION = YES;
				CLANG_WARN_NON_LITERAL_NULL_CONVERSION = YES;
				CLANG_WARN_OBJC_IMPLICIT_RETAIN_SELF = YES;
				CLANG_WARN_OBJC_LITERAL_CONVERSION = YES;
				CLANG_WARN_OBJC_ROOT_CLASS = YES_ERROR;
				CLANG_WARN_QUOTED_INCLUDE_IN_FRAMEWORK_HEADER = YES;
				CLANG_WARN_RANGE_LOOP_ANALYSIS = YES;
				CLANG_WARN_STRICT_PROTOTYPES = YES;
				CLANG_WARN_SUSPICIOUS_MOVE = YES;
				CLANG_WARN_UNGUARDED_AVAILABILITY = YES_AGGRESSIVE;
				CLANG_WARN_UNREACHABLE_CODE = YES;
				CLANG_WARN__DUPLICATE_METHOD_MATCH = YES;
				COPY_PHASE_STRIP = NO;
				DEBUG_INFORMATION_FORMAT = "dwarf-with-dsym";
				ENABLE_NS_ASSERTIONS = NO;
				ENABLE_STRICT_OBJC_MSGSEND = YES;
				GCC_C_LANGUAGE_STANDARD = gnu11;
				GCC_NO_COMMON_BLOCKS = YES;
				GCC_WARN_64_TO_32_BIT_CONVERSION = YES;
				GCC_WARN_ABOUT_RETURN_TYPE = YES_ERROR;
				GCC_WARN_UNDECLARED_SELECTOR = YES;
				GCC_WARN_UNINITIALIZED_AUTOS = YES_AGGRESSIVE;
				GCC_WARN_UNUSED_FUNCTION = YES;
				GCC_WARN_UNUSED_VARIABLE = YES;
				MACOSX_DEPLOYMENT_TARGET = 11.1;
				MTL_ENABLE_DEBUG_INFO = NO;
				MTL_FAST_MATH = YES;
				SDKROOT = macosx;
				SWIFT_COMPILATION_MODE = wholemodule;
				SWIFT_OPTIMIZATION_LEVEL = "-O";
			};
			name = Release;
		};
		6C106F6F25F655BC0047E0B0 /* Debug */ = {
			isa = XCBuildConfiguration;
			buildSettings = {
				ASSETCATALOG_COMPILER_APPICON_NAME = AppIcon;
				ASSETCATALOG_COMPILER_GLOBAL_ACCENT_COLOR_NAME = AccentColor;
				CODE_SIGN_ENTITLEMENTS = Snap/Snap.entitlements;
				CODE_SIGN_STYLE = Automatic;
				COMBINE_HIDPI_IMAGES = YES;
				DEVELOPMENT_ASSET_PATHS = "\"Snap/Preview Content\"";
				DEVELOPMENT_TEAM = BNNQH627DX;
				ENABLE_HARDENED_RUNTIME = YES;
				ENABLE_PREVIEWS = YES;
				INFOPLIST_FILE = Snap/Info.plist;
				LD_RUNPATH_SEARCH_PATHS = (
					"$(inherited)",
					"@executable_path/../Frameworks",
				);
				MACOSX_DEPLOYMENT_TARGET = 10.15;
				PRODUCT_BUNDLE_IDENTIFIER = com.techris.Snap;
				PRODUCT_NAME = "$(TARGET_NAME)";
				SWIFT_VERSION = 5.0;
			};
			name = Debug;
		};
		6C106F7025F655BC0047E0B0 /* Release */ = {
			isa = XCBuildConfiguration;
			buildSettings = {
				ASSETCATALOG_COMPILER_APPICON_NAME = AppIcon;
				ASSETCATALOG_COMPILER_GLOBAL_ACCENT_COLOR_NAME = AccentColor;
				CODE_SIGN_ENTITLEMENTS = Snap/Snap.entitlements;
				CODE_SIGN_STYLE = Automatic;
				COMBINE_HIDPI_IMAGES = YES;
				DEVELOPMENT_ASSET_PATHS = "\"Snap/Preview Content\"";
				DEVELOPMENT_TEAM = BNNQH627DX;
				ENABLE_HARDENED_RUNTIME = YES;
				ENABLE_PREVIEWS = YES;
				INFOPLIST_FILE = Snap/Info.plist;
				LD_RUNPATH_SEARCH_PATHS = (
					"$(inherited)",
					"@executable_path/../Frameworks",
				);
				MACOSX_DEPLOYMENT_TARGET = 10.15;
				PRODUCT_BUNDLE_IDENTIFIER = com.techris.Snap;
				PRODUCT_NAME = "$(TARGET_NAME)";
				SWIFT_VERSION = 5.0;
			};
			name = Release;
		};
		6C106F7225F655BC0047E0B0 /* Debug */ = {
			isa = XCBuildConfiguration;
			buildSettings = {
				ALWAYS_EMBED_SWIFT_STANDARD_LIBRARIES = YES;
				BUNDLE_LOADER = "$(TEST_HOST)";
				CODE_SIGN_STYLE = Automatic;
				COMBINE_HIDPI_IMAGES = YES;
				DEVELOPMENT_TEAM = BNNQH627DX;
				INFOPLIST_FILE = SnapTests/Info.plist;
				LD_RUNPATH_SEARCH_PATHS = (
					"$(inherited)",
					"@executable_path/../Frameworks",
					"@loader_path/../Frameworks",
				);
				MACOSX_DEPLOYMENT_TARGET = 10.15;
				PRODUCT_BUNDLE_IDENTIFIER = com.techris.SnapTests;
				PRODUCT_NAME = "$(TARGET_NAME)";
				SWIFT_VERSION = 5.0;
				TEST_HOST = "$(BUILT_PRODUCTS_DIR)/Snap.app/Contents/MacOS/Snap";
			};
			name = Debug;
		};
		6C106F7325F655BC0047E0B0 /* Release */ = {
			isa = XCBuildConfiguration;
			buildSettings = {
				ALWAYS_EMBED_SWIFT_STANDARD_LIBRARIES = YES;
				BUNDLE_LOADER = "$(TEST_HOST)";
				CODE_SIGN_STYLE = Automatic;
				COMBINE_HIDPI_IMAGES = YES;
				DEVELOPMENT_TEAM = BNNQH627DX;
				INFOPLIST_FILE = SnapTests/Info.plist;
				LD_RUNPATH_SEARCH_PATHS = (
					"$(inherited)",
					"@executable_path/../Frameworks",
					"@loader_path/../Frameworks",
				);
				MACOSX_DEPLOYMENT_TARGET = 10.15;
				PRODUCT_BUNDLE_IDENTIFIER = com.techris.SnapTests;
				PRODUCT_NAME = "$(TARGET_NAME)";
				SWIFT_VERSION = 5.0;
				TEST_HOST = "$(BUILT_PRODUCTS_DIR)/Snap.app/Contents/MacOS/Snap";
			};
			name = Release;
		};
		6C106F7525F655BC0047E0B0 /* Debug */ = {
			isa = XCBuildConfiguration;
			buildSettings = {
				ALWAYS_EMBED_SWIFT_STANDARD_LIBRARIES = YES;
				CODE_SIGN_STYLE = Automatic;
				COMBINE_HIDPI_IMAGES = YES;
				DEVELOPMENT_TEAM = BNNQH627DX;
				INFOPLIST_FILE = SnapUITests/Info.plist;
				LD_RUNPATH_SEARCH_PATHS = (
					"$(inherited)",
					"@executable_path/../Frameworks",
					"@loader_path/../Frameworks",
				);
				PRODUCT_BUNDLE_IDENTIFIER = com.techris.SnapUITests;
				PRODUCT_NAME = "$(TARGET_NAME)";
				SWIFT_VERSION = 5.0;
				TEST_TARGET_NAME = Snap;
			};
			name = Debug;
		};
		6C106F7625F655BC0047E0B0 /* Release */ = {
			isa = XCBuildConfiguration;
			buildSettings = {
				ALWAYS_EMBED_SWIFT_STANDARD_LIBRARIES = YES;
				CODE_SIGN_STYLE = Automatic;
				COMBINE_HIDPI_IMAGES = YES;
				DEVELOPMENT_TEAM = BNNQH627DX;
				INFOPLIST_FILE = SnapUITests/Info.plist;
				LD_RUNPATH_SEARCH_PATHS = (
					"$(inherited)",
					"@executable_path/../Frameworks",
					"@loader_path/../Frameworks",
				);
				PRODUCT_BUNDLE_IDENTIFIER = com.techris.SnapUITests;
				PRODUCT_NAME = "$(TARGET_NAME)";
				SWIFT_VERSION = 5.0;
				TEST_TARGET_NAME = Snap;
			};
			name = Release;
		};
/* End XCBuildConfiguration section */

/* Begin XCConfigurationList section */
		6C106F4025F655BB0047E0B0 /* Build configuration list for PBXProject "Snap" */ = {
			isa = XCConfigurationList;
			buildConfigurations = (
				6C106F6C25F655BC0047E0B0 /* Debug */,
				6C106F6D25F655BC0047E0B0 /* Release */,
			);
			defaultConfigurationIsVisible = 0;
			defaultConfigurationName = Release;
		};
		6C106F6E25F655BC0047E0B0 /* Build configuration list for PBXNativeTarget "Snap" */ = {
			isa = XCConfigurationList;
			buildConfigurations = (
				6C106F6F25F655BC0047E0B0 /* Debug */,
				6C106F7025F655BC0047E0B0 /* Release */,
			);
			defaultConfigurationIsVisible = 0;
			defaultConfigurationName = Release;
		};
		6C106F7125F655BC0047E0B0 /* Build configuration list for PBXNativeTarget "SnapTests" */ = {
			isa = XCConfigurationList;
			buildConfigurations = (
				6C106F7225F655BC0047E0B0 /* Debug */,
				6C106F7325F655BC0047E0B0 /* Release */,
			);
			defaultConfigurationIsVisible = 0;
			defaultConfigurationName = Release;
		};
		6C106F7425F655BC0047E0B0 /* Build configuration list for PBXNativeTarget "SnapUITests" */ = {
			isa = XCConfigurationList;
			buildConfigurations = (
				6C106F7525F655BC0047E0B0 /* Debug */,
				6C106F7625F655BC0047E0B0 /* Release */,
			);
			defaultConfigurationIsVisible = 0;
			defaultConfigurationName = Release;
		};
/* End XCConfigurationList section */
	};
	rootObject = 6C106F3D25F655BB0047E0B0 /* Project object */;
}
