// !$*UTF8*$!
{
	archiveVersion = 1;
	classes = {
	};
	objectVersion = 50;
	objects = {

/* Begin PBXBuildFile section */
		6C0723D22604DE69009F0E63 /* Icon.swift in Sources */ = {isa = PBXBuildFile; fileRef = 6C0723D12604DE69009F0E63 /* Icon.swift */; };
		6C0723D82604FD40009F0E63 /* SearchItem Extension.swift in Sources */ = {isa = PBXBuildFile; fileRef = 6C0723D72604FD40009F0E63 /* SearchItem Extension.swift */; };
		6C072421260509CC009F0E63 /* SearchTextField.swift in Sources */ = {isa = PBXBuildFile; fileRef = 6C072420260509CC009F0E63 /* SearchTextField.swift */; };
		6C07242F260527F0009F0E63 /* Actions.json in Resources */ = {isa = PBXBuildFile; fileRef = 6C07242E260527F0009F0E63 /* Actions.json */; };
		6C07246D2605F9ED009F0E63 /* Snap.swift in Sources */ = {isa = PBXBuildFile; fileRef = 6C07246C2605F9ED009F0E63 /* Snap.swift */; };
		6C106F4925F655BB0047E0B0 /* AppDelegate.swift in Sources */ = {isa = PBXBuildFile; fileRef = 6C106F4825F655BB0047E0B0 /* AppDelegate.swift */; };
		6C106F4B25F655BB0047E0B0 /* SearchView.swift in Sources */ = {isa = PBXBuildFile; fileRef = 6C106F4A25F655BB0047E0B0 /* SearchView.swift */; };
		6C106F4D25F655BC0047E0B0 /* Assets.xcassets in Resources */ = {isa = PBXBuildFile; fileRef = 6C106F4C25F655BC0047E0B0 /* Assets.xcassets */; };
		6C106F5025F655BC0047E0B0 /* Preview Assets.xcassets in Resources */ = {isa = PBXBuildFile; fileRef = 6C106F4F25F655BC0047E0B0 /* Preview Assets.xcassets */; };
		6C106F5325F655BC0047E0B0 /* Main.storyboard in Resources */ = {isa = PBXBuildFile; fileRef = 6C106F5125F655BC0047E0B0 /* Main.storyboard */; };
		6C106F5F25F655BC0047E0B0 /* SnapTests.swift in Sources */ = {isa = PBXBuildFile; fileRef = 6C106F5E25F655BC0047E0B0 /* SnapTests.swift */; };
		6C106F7E25F655EB0047E0B0 /* Search.swift in Sources */ = {isa = PBXBuildFile; fileRef = 6C106F7D25F655EB0047E0B0 /* Search.swift */; };
		6C106F8325F658670047E0B0 /* SearchItem.swift in Sources */ = {isa = PBXBuildFile; fileRef = 6C106F8225F658670047E0B0 /* SearchItem.swift */; };
		6C106F9025F66C8D0047E0B0 /* NSMetadataItem Extension.swift in Sources */ = {isa = PBXBuildFile; fileRef = 6C106F8F25F66C8D0047E0B0 /* NSMetadataItem Extension.swift */; };
		6C12A5D325F79C320029FBD7 /* Permissions.swift in Sources */ = {isa = PBXBuildFile; fileRef = 6C12A5D225F79C320029FBD7 /* Permissions.swift */; };
		6C12A5DB25F7AD880029FBD7 /* Configuration.swift in Sources */ = {isa = PBXBuildFile; fileRef = 6C12A5DA25F7AD880029FBD7 /* Configuration.swift */; };
		6C12A5E025F7C5E00029FBD7 /* SearchResultView.swift in Sources */ = {isa = PBXBuildFile; fileRef = 6C12A5DF25F7C5E00029FBD7 /* SearchResultView.swift */; };
		6C12A5E525F7C7540029FBD7 /* SearchBarView.swift in Sources */ = {isa = PBXBuildFile; fileRef = 6C12A5E425F7C7540029FBD7 /* SearchBarView.swift */; };
		6C12A5EA25F7D59A0029FBD7 /* SearchItemView.swift in Sources */ = {isa = PBXBuildFile; fileRef = 6C12A5E925F7D59A0029FBD7 /* SearchItemView.swift */; };
		6C3334382621FCA0006DAABC /* Key.swift in Sources */ = {isa = PBXBuildFile; fileRef = 6C3334372621FCA0006DAABC /* Key.swift */; };
		6C344FD325FB96550042CC05 /* AppleScript.swift in Sources */ = {isa = PBXBuildFile; fileRef = 6C344FD225FB96550042CC05 /* AppleScript.swift */; };
		6C344FD925FBBEE80042CC05 /* WebSearchType.swift in Sources */ = {isa = PBXBuildFile; fileRef = 6C344FD825FBBEE80042CC05 /* WebSearchType.swift */; };
		6C344FDD25FBF6C70042CC05 /* KeyEvent.swift in Sources */ = {isa = PBXBuildFile; fileRef = 6C344FDC25FBF6C70042CC05 /* KeyEvent.swift */; };
		6C344FE825FCB5E40042CC05 /* MusicControllerApp.swift in Sources */ = {isa = PBXBuildFile; fileRef = 6C344FE725FCB5E40042CC05 /* MusicControllerApp.swift */; };
		6C344FED25FCC7C60042CC05 /* Bookmark.swift in Sources */ = {isa = PBXBuildFile; fileRef = 6C344FEC25FCC7C60042CC05 /* Bookmark.swift */; };
		6C3B16CF2626FCCB00CAC6A6 /* Allow Full Disk Access.mp4 in Resources */ = {isa = PBXBuildFile; fileRef = 6C3B16CA2626FA4000CAC6A6 /* Allow Full Disk Access.mp4 */; };
		6C3E3CB4262193A6001A512C /* WebSearch.swift in Sources */ = {isa = PBXBuildFile; fileRef = 6C3E3CB3262193A6001A512C /* WebSearch.swift */; };
		6C4B3E13260766D100632AFF /* QuickLook.swift in Sources */ = {isa = PBXBuildFile; fileRef = 6C4B3E12260766D100632AFF /* QuickLook.swift */; };
		6C4DF3DB25FA7E10003B6D90 /* KeyboardShortcutManager.swift in Sources */ = {isa = PBXBuildFile; fileRef = 6C4DF3DA25FA7E10003B6D90 /* KeyboardShortcutManager.swift */; };
		6C5B517325F7FE38000B004A /* ActionSearch.swift in Sources */ = {isa = PBXBuildFile; fileRef = 6C5B517225F7FE38000B004A /* ActionSearch.swift */; };
		6C5B517D25F80757000B004A /* ActionSearchItem.swift in Sources */ = {isa = PBXBuildFile; fileRef = 6C5B517C25F80757000B004A /* ActionSearchItem.swift */; };
		6C5B518525F80B78000B004A /* String Extension.swift in Sources */ = {isa = PBXBuildFile; fileRef = 6C5B518425F80B78000B004A /* String Extension.swift */; };
		6C5B518E25F80E15000B004A /* SpotlightSearchItem.swift in Sources */ = {isa = PBXBuildFile; fileRef = 6C5B518D25F80E15000B004A /* SpotlightSearchItem.swift */; };
		6C5B519425F90250000B004A /* ActionDecoder.swift in Sources */ = {isa = PBXBuildFile; fileRef = 6C5B519325F90250000B004A /* ActionDecoder.swift */; };
		6C5B51A525F915E2000B004A /* WebSearchItem.swift in Sources */ = {isa = PBXBuildFile; fileRef = 6C5B51A425F915E2000B004A /* WebSearchItem.swift */; };
		6C75A007260279460074DF40 /* SettingsView.swift in Sources */ = {isa = PBXBuildFile; fileRef = 6C75A006260279460074DF40 /* SettingsView.swift */; };
		6C75A0392603967B0074DF40 /* SettingsSection.swift in Sources */ = {isa = PBXBuildFile; fileRef = 6C75A0382603967B0074DF40 /* SettingsSection.swift */; };
		6C75A03D260396900074DF40 /* KeyboardShortcutView.swift in Sources */ = {isa = PBXBuildFile; fileRef = 6C75A03C260396900074DF40 /* KeyboardShortcutView.swift */; };
		6C7873CB26170B65002D48FE /* FontPicker.swift in Sources */ = {isa = PBXBuildFile; fileRef = 6C7873CA26170B65002D48FE /* FontPicker.swift */; };
		6C7873CF26170B9A002D48FE /* Font.swift in Sources */ = {isa = PBXBuildFile; fileRef = 6C7873CE26170B9A002D48FE /* Font.swift */; };
		6C7873D726179C39002D48FE /* FontPickerView.swift in Sources */ = {isa = PBXBuildFile; fileRef = 6C7873D626179C39002D48FE /* FontPickerView.swift */; };
		6C7873E82618BF9C002D48FE /* SearchTextFieldViewController.swift in Sources */ = {isa = PBXBuildFile; fileRef = 6C7873E72618BF9C002D48FE /* SearchTextFieldViewController.swift */; };
		6C7873EC2618BFE5002D48FE /* NSSearchTextField.swift in Sources */ = {isa = PBXBuildFile; fileRef = 6C7873EB2618BFE5002D48FE /* NSSearchTextField.swift */; };
		6C7873F02618C07B002D48FE /* VerticallyCenteredTextFieldCell.swift in Sources */ = {isa = PBXBuildFile; fileRef = 6C7873EF2618C07B002D48FE /* VerticallyCenteredTextFieldCell.swift */; };
		6C7873F426199E3D002D48FE /* ApplicationButton.swift in Sources */ = {isa = PBXBuildFile; fileRef = 6C7873F326199E3D002D48FE /* ApplicationButton.swift */; };
		6C82999425F699B600A25064 /* Notification Name Extension.swift in Sources */ = {isa = PBXBuildFile; fileRef = 6C82999325F699B600A25064 /* Notification Name Extension.swift */; };
		6C83FE5925FF900000DAC7C1 /* Color Extension.swift in Sources */ = {isa = PBXBuildFile; fileRef = 6C83FE5825FF900000DAC7C1 /* Color Extension.swift */; };
		6CB0F2CD2621BB99008A0E1F /* NSEventModifierFlags Extension.swift in Sources */ = {isa = PBXBuildFile; fileRef = 6CB0F2CC2621BB99008A0E1F /* NSEventModifierFlags Extension.swift */; };
		6CB0F2D12621BC7D008A0E1F /* KeyboardShortcutModifier.swift in Sources */ = {isa = PBXBuildFile; fileRef = 6CB0F2D02621BC7D008A0E1F /* KeyboardShortcutModifier.swift */; };
		6CB6017025FE2AD200613136 /* ApplicationSearchItem.swift in Sources */ = {isa = PBXBuildFile; fileRef = 6CB6016F25FE2AD200613136 /* ApplicationSearchItem.swift */; };
		6CB6017B25FE2EB200613136 /* Application.swift in Sources */ = {isa = PBXBuildFile; fileRef = 6CB6017A25FE2EB200613136 /* Application.swift */; };
		6CB6018125FE2ED100613136 /* ApplicationSearch.swift in Sources */ = {isa = PBXBuildFile; fileRef = 6CB6018025FE2ED100613136 /* ApplicationSearch.swift */; };
		6CD5F52026242821001E4F18 /* ClipboardHistoryBarView.swift in Sources */ = {isa = PBXBuildFile; fileRef = 6CD5F51F26242821001E4F18 /* ClipboardHistoryBarView.swift */; };
		6CDFBFD725FE404700100171 /* ApplicationView.swift in Sources */ = {isa = PBXBuildFile; fileRef = 6CDFBFD625FE404700100171 /* ApplicationView.swift */; };
		6CE3BE3D25FF9755001636F5 /* DefaultConfiguration.json in Resources */ = {isa = PBXBuildFile; fileRef = 6CE3BE3C25FF9755001636F5 /* DefaultConfiguration.json */; };
		6CE420712619D0D3002F0769 /* SettingsAction.swift in Sources */ = {isa = PBXBuildFile; fileRef = 6CE420702619D0D3002F0769 /* SettingsAction.swift */; };
		6CE420772619D1D1002F0769 /* SnapActions.swift in Sources */ = {isa = PBXBuildFile; fileRef = 6CE420762619D1D1002F0769 /* SnapActions.swift */; };
		6CE42082261B09E0002F0769 /* ClipboardHistory.swift in Sources */ = {isa = PBXBuildFile; fileRef = 6CE42081261B09E0002F0769 /* ClipboardHistory.swift */; };
		6CE42087261B0A52002F0769 /* ClipboardHistoryItem.swift in Sources */ = {isa = PBXBuildFile; fileRef = 6CE42086261B0A52002F0769 /* ClipboardHistoryItem.swift */; };
		6CE42098261B0C96002F0769 /* ClipboardManager.swift in Sources */ = {isa = PBXBuildFile; fileRef = 6CE42097261B0C96002F0769 /* ClipboardManager.swift */; };
		6CE4209E261B4896002F0769 /* ClipboardHistoryApp.swift in Sources */ = {isa = PBXBuildFile; fileRef = 6CE4209D261B4896002F0769 /* ClipboardHistoryApp.swift */; };
		6CE420A4261B5972002F0769 /* ItemView.swift in Sources */ = {isa = PBXBuildFile; fileRef = 6CE420A3261B5972002F0769 /* ItemView.swift */; };
		6CE420A8261B5C04002F0769 /* ClipboardHistoryView.swift in Sources */ = {isa = PBXBuildFile; fileRef = 6CE420A7261B5C04002F0769 /* ClipboardHistoryView.swift */; };
		6CED3B0425FAA04D00E61388 /* KeyboardShortcut.swift in Sources */ = {isa = PBXBuildFile; fileRef = 6CED3B0325FAA04D00E61388 /* KeyboardShortcut.swift */; };
/* End PBXBuildFile section */

/* Begin PBXContainerItemProxy section */
		6C106F5B25F655BC0047E0B0 /* PBXContainerItemProxy */ = {
			isa = PBXContainerItemProxy;
			containerPortal = 6C106F3D25F655BB0047E0B0 /* Project object */;
			proxyType = 1;
			remoteGlobalIDString = 6C106F4425F655BB0047E0B0;
			remoteInfo = Snap;
		};
/* End PBXContainerItemProxy section */

/* Begin PBXFileReference section */
		6C0723D12604DE69009F0E63 /* Icon.swift */ = {isa = PBXFileReference; lastKnownFileType = sourcecode.swift; path = Icon.swift; sourceTree = "<group>"; };
		6C0723D72604FD40009F0E63 /* SearchItem Extension.swift */ = {isa = PBXFileReference; lastKnownFileType = sourcecode.swift; path = "SearchItem Extension.swift"; sourceTree = "<group>"; };
		6C072420260509CC009F0E63 /* SearchTextField.swift */ = {isa = PBXFileReference; lastKnownFileType = sourcecode.swift; path = SearchTextField.swift; sourceTree = "<group>"; };
		6C07242E260527F0009F0E63 /* Actions.json */ = {isa = PBXFileReference; lastKnownFileType = text.json; path = Actions.json; sourceTree = "<group>"; };
		6C07246C2605F9ED009F0E63 /* Snap.swift */ = {isa = PBXFileReference; lastKnownFileType = sourcecode.swift; path = Snap.swift; sourceTree = "<group>"; };
		6C106F4525F655BB0047E0B0 /* Snap.app */ = {isa = PBXFileReference; explicitFileType = wrapper.application; includeInIndex = 0; path = Snap.app; sourceTree = BUILT_PRODUCTS_DIR; };
		6C106F4825F655BB0047E0B0 /* AppDelegate.swift */ = {isa = PBXFileReference; lastKnownFileType = sourcecode.swift; path = AppDelegate.swift; sourceTree = "<group>"; };
		6C106F4A25F655BB0047E0B0 /* SearchView.swift */ = {isa = PBXFileReference; lastKnownFileType = sourcecode.swift; path = SearchView.swift; sourceTree = "<group>"; };
		6C106F4C25F655BC0047E0B0 /* Assets.xcassets */ = {isa = PBXFileReference; lastKnownFileType = folder.assetcatalog; path = Assets.xcassets; sourceTree = "<group>"; };
		6C106F4F25F655BC0047E0B0 /* Preview Assets.xcassets */ = {isa = PBXFileReference; lastKnownFileType = folder.assetcatalog; path = "Preview Assets.xcassets"; sourceTree = "<group>"; };
		6C106F5225F655BC0047E0B0 /* Base */ = {isa = PBXFileReference; lastKnownFileType = file.storyboard; name = Base; path = Base.lproj/Main.storyboard; sourceTree = "<group>"; };
		6C106F5425F655BC0047E0B0 /* Info.plist */ = {isa = PBXFileReference; lastKnownFileType = text.plist.xml; path = Info.plist; sourceTree = "<group>"; };
		6C106F5A25F655BC0047E0B0 /* SnapTests.xctest */ = {isa = PBXFileReference; explicitFileType = wrapper.cfbundle; includeInIndex = 0; path = SnapTests.xctest; sourceTree = BUILT_PRODUCTS_DIR; };
		6C106F5E25F655BC0047E0B0 /* SnapTests.swift */ = {isa = PBXFileReference; lastKnownFileType = sourcecode.swift; path = SnapTests.swift; sourceTree = "<group>"; };
		6C106F6025F655BC0047E0B0 /* Info.plist */ = {isa = PBXFileReference; lastKnownFileType = text.plist.xml; path = Info.plist; sourceTree = "<group>"; };
		6C106F7D25F655EB0047E0B0 /* Search.swift */ = {isa = PBXFileReference; lastKnownFileType = sourcecode.swift; path = Search.swift; sourceTree = "<group>"; };
		6C106F8225F658670047E0B0 /* SearchItem.swift */ = {isa = PBXFileReference; lastKnownFileType = sourcecode.swift; path = SearchItem.swift; sourceTree = "<group>"; };
		6C106F8F25F66C8D0047E0B0 /* NSMetadataItem Extension.swift */ = {isa = PBXFileReference; lastKnownFileType = sourcecode.swift; path = "NSMetadataItem Extension.swift"; sourceTree = "<group>"; };
		6C12A5D225F79C320029FBD7 /* Permissions.swift */ = {isa = PBXFileReference; lastKnownFileType = sourcecode.swift; path = Permissions.swift; sourceTree = "<group>"; };
		6C12A5DA25F7AD880029FBD7 /* Configuration.swift */ = {isa = PBXFileReference; lastKnownFileType = sourcecode.swift; path = Configuration.swift; sourceTree = "<group>"; };
		6C12A5DF25F7C5E00029FBD7 /* SearchResultView.swift */ = {isa = PBXFileReference; lastKnownFileType = sourcecode.swift; path = SearchResultView.swift; sourceTree = "<group>"; };
		6C12A5E425F7C7540029FBD7 /* SearchBarView.swift */ = {isa = PBXFileReference; lastKnownFileType = sourcecode.swift; path = SearchBarView.swift; sourceTree = "<group>"; };
		6C12A5E925F7D59A0029FBD7 /* SearchItemView.swift */ = {isa = PBXFileReference; lastKnownFileType = sourcecode.swift; path = SearchItemView.swift; sourceTree = "<group>"; };
		6C3334372621FCA0006DAABC /* Key.swift */ = {isa = PBXFileReference; lastKnownFileType = sourcecode.swift; path = Key.swift; sourceTree = "<group>"; };
		6C344FD225FB96550042CC05 /* AppleScript.swift */ = {isa = PBXFileReference; lastKnownFileType = sourcecode.swift; path = AppleScript.swift; sourceTree = "<group>"; };
		6C344FD825FBBEE80042CC05 /* WebSearchType.swift */ = {isa = PBXFileReference; lastKnownFileType = sourcecode.swift; path = WebSearchType.swift; sourceTree = "<group>"; };
		6C344FDC25FBF6C70042CC05 /* KeyEvent.swift */ = {isa = PBXFileReference; lastKnownFileType = sourcecode.swift; path = KeyEvent.swift; sourceTree = "<group>"; };
		6C344FE725FCB5E40042CC05 /* MusicControllerApp.swift */ = {isa = PBXFileReference; lastKnownFileType = sourcecode.swift; path = MusicControllerApp.swift; sourceTree = "<group>"; };
		6C344FEC25FCC7C60042CC05 /* Bookmark.swift */ = {isa = PBXFileReference; lastKnownFileType = sourcecode.swift; path = Bookmark.swift; sourceTree = "<group>"; };
		6C3B16CA2626FA4000CAC6A6 /* Allow Full Disk Access.mp4 */ = {isa = PBXFileReference; lastKnownFileType = file; path = "Allow Full Disk Access.mp4"; sourceTree = "<group>"; };
		6C3E3CB3262193A6001A512C /* WebSearch.swift */ = {isa = PBXFileReference; lastKnownFileType = sourcecode.swift; path = WebSearch.swift; sourceTree = "<group>"; };
		6C4B3E12260766D100632AFF /* QuickLook.swift */ = {isa = PBXFileReference; lastKnownFileType = sourcecode.swift; path = QuickLook.swift; sourceTree = "<group>"; };
		6C4DF3DA25FA7E10003B6D90 /* KeyboardShortcutManager.swift */ = {isa = PBXFileReference; lastKnownFileType = sourcecode.swift; path = KeyboardShortcutManager.swift; sourceTree = "<group>"; };
		6C5B517225F7FE38000B004A /* ActionSearch.swift */ = {isa = PBXFileReference; lastKnownFileType = sourcecode.swift; path = ActionSearch.swift; sourceTree = "<group>"; };
		6C5B517C25F80757000B004A /* ActionSearchItem.swift */ = {isa = PBXFileReference; lastKnownFileType = sourcecode.swift; path = ActionSearchItem.swift; sourceTree = "<group>"; };
		6C5B518425F80B78000B004A /* String Extension.swift */ = {isa = PBXFileReference; lastKnownFileType = sourcecode.swift; path = "String Extension.swift"; sourceTree = "<group>"; };
		6C5B518D25F80E15000B004A /* SpotlightSearchItem.swift */ = {isa = PBXFileReference; lastKnownFileType = sourcecode.swift; path = SpotlightSearchItem.swift; sourceTree = "<group>"; };
		6C5B519325F90250000B004A /* ActionDecoder.swift */ = {isa = PBXFileReference; lastKnownFileType = sourcecode.swift; path = ActionDecoder.swift; sourceTree = "<group>"; };
		6C5B51A425F915E2000B004A /* WebSearchItem.swift */ = {isa = PBXFileReference; lastKnownFileType = sourcecode.swift; path = WebSearchItem.swift; sourceTree = "<group>"; };
		6C75A006260279460074DF40 /* SettingsView.swift */ = {isa = PBXFileReference; lastKnownFileType = sourcecode.swift; path = SettingsView.swift; sourceTree = "<group>"; };
		6C75A0382603967B0074DF40 /* SettingsSection.swift */ = {isa = PBXFileReference; lastKnownFileType = sourcecode.swift; path = SettingsSection.swift; sourceTree = "<group>"; };
		6C75A03C260396900074DF40 /* KeyboardShortcutView.swift */ = {isa = PBXFileReference; lastKnownFileType = sourcecode.swift; path = KeyboardShortcutView.swift; sourceTree = "<group>"; };
		6C7873CA26170B65002D48FE /* FontPicker.swift */ = {isa = PBXFileReference; lastKnownFileType = sourcecode.swift; path = FontPicker.swift; sourceTree = "<group>"; };
		6C7873CE26170B9A002D48FE /* Font.swift */ = {isa = PBXFileReference; lastKnownFileType = sourcecode.swift; path = Font.swift; sourceTree = "<group>"; };
		6C7873D626179C39002D48FE /* FontPickerView.swift */ = {isa = PBXFileReference; lastKnownFileType = sourcecode.swift; path = FontPickerView.swift; sourceTree = "<group>"; };
		6C7873E72618BF9C002D48FE /* SearchTextFieldViewController.swift */ = {isa = PBXFileReference; lastKnownFileType = sourcecode.swift; path = SearchTextFieldViewController.swift; sourceTree = "<group>"; };
		6C7873EB2618BFE5002D48FE /* NSSearchTextField.swift */ = {isa = PBXFileReference; lastKnownFileType = sourcecode.swift; path = NSSearchTextField.swift; sourceTree = "<group>"; };
		6C7873EF2618C07B002D48FE /* VerticallyCenteredTextFieldCell.swift */ = {isa = PBXFileReference; lastKnownFileType = sourcecode.swift; path = VerticallyCenteredTextFieldCell.swift; sourceTree = "<group>"; };
		6C7873F326199E3D002D48FE /* ApplicationButton.swift */ = {isa = PBXFileReference; lastKnownFileType = sourcecode.swift; path = ApplicationButton.swift; sourceTree = "<group>"; };
		6C82999325F699B600A25064 /* Notification Name Extension.swift */ = {isa = PBXFileReference; lastKnownFileType = sourcecode.swift; path = "Notification Name Extension.swift"; sourceTree = "<group>"; };
		6C83FE5825FF900000DAC7C1 /* Color Extension.swift */ = {isa = PBXFileReference; lastKnownFileType = sourcecode.swift; path = "Color Extension.swift"; sourceTree = "<group>"; };
		6CB0F2CC2621BB99008A0E1F /* NSEventModifierFlags Extension.swift */ = {isa = PBXFileReference; lastKnownFileType = sourcecode.swift; path = "NSEventModifierFlags Extension.swift"; sourceTree = "<group>"; };
		6CB0F2D02621BC7D008A0E1F /* KeyboardShortcutModifier.swift */ = {isa = PBXFileReference; lastKnownFileType = sourcecode.swift; path = KeyboardShortcutModifier.swift; sourceTree = "<group>"; };
		6CB6016F25FE2AD200613136 /* ApplicationSearchItem.swift */ = {isa = PBXFileReference; lastKnownFileType = sourcecode.swift; path = ApplicationSearchItem.swift; sourceTree = "<group>"; };
		6CB6017A25FE2EB200613136 /* Application.swift */ = {isa = PBXFileReference; lastKnownFileType = sourcecode.swift; path = Application.swift; sourceTree = "<group>"; };
		6CB6018025FE2ED100613136 /* ApplicationSearch.swift */ = {isa = PBXFileReference; lastKnownFileType = sourcecode.swift; path = ApplicationSearch.swift; sourceTree = "<group>"; };
		6CC0353125FFD6E60075E970 /* Snap.entitlements */ = {isa = PBXFileReference; lastKnownFileType = text.plist.entitlements; path = Snap.entitlements; sourceTree = "<group>"; };
		6CD5F51F26242821001E4F18 /* ClipboardHistoryBarView.swift */ = {isa = PBXFileReference; lastKnownFileType = sourcecode.swift; path = ClipboardHistoryBarView.swift; sourceTree = "<group>"; };
		6CDFBFD625FE404700100171 /* ApplicationView.swift */ = {isa = PBXFileReference; lastKnownFileType = sourcecode.swift; path = ApplicationView.swift; sourceTree = "<group>"; };
		6CE3BE3C25FF9755001636F5 /* DefaultConfiguration.json */ = {isa = PBXFileReference; lastKnownFileType = text.json; path = DefaultConfiguration.json; sourceTree = "<group>"; };
		6CE420702619D0D3002F0769 /* SettingsAction.swift */ = {isa = PBXFileReference; lastKnownFileType = sourcecode.swift; path = SettingsAction.swift; sourceTree = "<group>"; };
		6CE420762619D1D1002F0769 /* SnapActions.swift */ = {isa = PBXFileReference; lastKnownFileType = sourcecode.swift; path = SnapActions.swift; sourceTree = "<group>"; };
		6CE42081261B09E0002F0769 /* ClipboardHistory.swift */ = {isa = PBXFileReference; lastKnownFileType = sourcecode.swift; path = ClipboardHistory.swift; sourceTree = "<group>"; };
		6CE42086261B0A52002F0769 /* ClipboardHistoryItem.swift */ = {isa = PBXFileReference; lastKnownFileType = sourcecode.swift; path = ClipboardHistoryItem.swift; sourceTree = "<group>"; };
		6CE42097261B0C96002F0769 /* ClipboardManager.swift */ = {isa = PBXFileReference; lastKnownFileType = sourcecode.swift; path = ClipboardManager.swift; sourceTree = "<group>"; };
		6CE4209D261B4896002F0769 /* ClipboardHistoryApp.swift */ = {isa = PBXFileReference; lastKnownFileType = sourcecode.swift; path = ClipboardHistoryApp.swift; sourceTree = "<group>"; };
		6CE420A3261B5972002F0769 /* ItemView.swift */ = {isa = PBXFileReference; lastKnownFileType = sourcecode.swift; path = ItemView.swift; sourceTree = "<group>"; };
		6CE420A7261B5C04002F0769 /* ClipboardHistoryView.swift */ = {isa = PBXFileReference; lastKnownFileType = sourcecode.swift; path = ClipboardHistoryView.swift; sourceTree = "<group>"; };
		6CED3B0325FAA04D00E61388 /* KeyboardShortcut.swift */ = {isa = PBXFileReference; lastKnownFileType = sourcecode.swift; path = KeyboardShortcut.swift; sourceTree = "<group>"; };
/* End PBXFileReference section */

/* Begin PBXFrameworksBuildPhase section */
		6C106F4225F655BB0047E0B0 /* Frameworks */ = {
			isa = PBXFrameworksBuildPhase;
			buildActionMask = 2147483647;
			files = (
			);
			runOnlyForDeploymentPostprocessing = 0;
		};
		6C106F5725F655BC0047E0B0 /* Frameworks */ = {
			isa = PBXFrameworksBuildPhase;
			buildActionMask = 2147483647;
			files = (
			);
			runOnlyForDeploymentPostprocessing = 0;
		};
/* End PBXFrameworksBuildPhase section */

/* Begin PBXGroup section */
		6C106F3C25F655BB0047E0B0 = {
			isa = PBXGroup;
			children = (
				6C106F4725F655BB0047E0B0 /* Snap */,
				6C106F5D25F655BC0047E0B0 /* SnapTests */,
				6C106F4625F655BB0047E0B0 /* Products */,
			);
			sourceTree = "<group>";
		};
		6C106F4625F655BB0047E0B0 /* Products */ = {
			isa = PBXGroup;
			children = (
				6C106F4525F655BB0047E0B0 /* Snap.app */,
				6C106F5A25F655BC0047E0B0 /* SnapTests.xctest */,
			);
			name = Products;
			sourceTree = "<group>";
		};
		6C106F4725F655BB0047E0B0 /* Snap */ = {
			isa = PBXGroup;
			children = (
				6C3B16C32626F8AB00CAC6A6 /* Assets */,
				6C106F4825F655BB0047E0B0 /* AppDelegate.swift */,
				6C07246C2605F9ED009F0E63 /* Snap.swift */,
				6C12A5D225F79C320029FBD7 /* Permissions.swift */,
				6C0723D12604DE69009F0E63 /* Icon.swift */,
				6CE42085261B0A36002F0769 /* Clipboard History */,
				6CE3BE3B25FF9737001636F5 /* Configuration */,
				6CED3B0225FAA03900E61388 /* Keyboard Shortcuts */,
				6C5B519D25F90418000B004A /* Custom Actions */,
				6C12A5F525F7D78F0029FBD7 /* Search */,
				6C12A5F125F7D7020029FBD7 /* Views */,
				6C82999825F699BB00A25064 /* Extensions */,
				6C106F5125F655BC0047E0B0 /* Main.storyboard */,
				6C106F5425F655BC0047E0B0 /* Info.plist */,
				6CC0353125FFD6E60075E970 /* Snap.entitlements */,
				6C106F4E25F655BC0047E0B0 /* Preview Content */,
			);
			path = Snap;
			sourceTree = "<group>";
		};
		6C106F4E25F655BC0047E0B0 /* Preview Content */ = {
			isa = PBXGroup;
			children = (
				6C106F4F25F655BC0047E0B0 /* Preview Assets.xcassets */,
			);
			path = "Preview Content";
			sourceTree = "<group>";
		};
		6C106F5D25F655BC0047E0B0 /* SnapTests */ = {
			isa = PBXGroup;
			children = (
				6C106F5E25F655BC0047E0B0 /* SnapTests.swift */,
				6C106F6025F655BC0047E0B0 /* Info.plist */,
			);
			path = SnapTests;
			sourceTree = "<group>";
		};
		6C12A5F125F7D7020029FBD7 /* Views */ = {
			isa = PBXGroup;
			children = (
				6C75A002260278CA0074DF40 /* Search Bar */,
				6C75A005260279050074DF40 /* Settings */,
				6CE420A3261B5972002F0769 /* ItemView.swift */,
			);
			path = Views;
			sourceTree = "<group>";
		};
		6C12A5F525F7D78F0029FBD7 /* Search */ = {
			isa = PBXGroup;
			children = (
				6C106F7D25F655EB0047E0B0 /* Search.swift */,
				6C106F8225F658670047E0B0 /* SearchItem.swift */,
				6C5B518D25F80E15000B004A /* SpotlightSearchItem.swift */,
			);
			path = Search;
			sourceTree = "<group>";
		};
		6C344FEB25FCC6F30042CC05 /* Safari Bookmarks */ = {
			isa = PBXGroup;
			children = (
				6C344FEC25FCC7C60042CC05 /* Bookmark.swift */,
			);
			path = "Safari Bookmarks";
			sourceTree = "<group>";
		};
		6C3B16C32626F8AB00CAC6A6 /* Assets */ = {
			isa = PBXGroup;
			children = (
				6C106F4C25F655BC0047E0B0 /* Assets.xcassets */,
				6C3B16CA2626FA4000CAC6A6 /* Allow Full Disk Access.mp4 */,
			);
			path = Assets;
			sourceTree = "<group>";
		};
		6C5B519D25F90418000B004A /* Custom Actions */ = {
			isa = PBXGroup;
			children = (
				6C5B517225F7FE38000B004A /* ActionSearch.swift */,
				6C5B517C25F80757000B004A /* ActionSearchItem.swift */,
				6C5B519325F90250000B004A /* ActionDecoder.swift */,
				6C344FD225FB96550042CC05 /* AppleScript.swift */,
				6CE420762619D1D1002F0769 /* SnapActions.swift */,
				6CB6017625FE2E6300613136 /* Actions */,
				6CB6017725FE2E7400613136 /* Web Search */,
				6C344FEB25FCC6F30042CC05 /* Safari Bookmarks */,
				6CB6017325FE2DD300613136 /* Applications */,
			);
			path = "Custom Actions";
			sourceTree = "<group>";
		};
		6C75A002260278CA0074DF40 /* Search Bar */ = {
			isa = PBXGroup;
			children = (
				6C7873E42618BF78002D48FE /* Text Field */,
				6C106F4A25F655BB0047E0B0 /* SearchView.swift */,
				6C12A5E425F7C7540029FBD7 /* SearchBarView.swift */,
				6C12A5DF25F7C5E00029FBD7 /* SearchResultView.swift */,
				6C12A5E925F7D59A0029FBD7 /* SearchItemView.swift */,
				6C4B3E12260766D100632AFF /* QuickLook.swift */,
			);
			path = "Search Bar";
			sourceTree = "<group>";
		};
		6C75A005260279050074DF40 /* Settings */ = {
			isa = PBXGroup;
			children = (
				6C75A006260279460074DF40 /* SettingsView.swift */,
				6C7873CA26170B65002D48FE /* FontPicker.swift */,
				6C7873D626179C39002D48FE /* FontPickerView.swift */,
				6C75A0382603967B0074DF40 /* SettingsSection.swift */,
				6C75A03C260396900074DF40 /* KeyboardShortcutView.swift */,
			);
			path = Settings;
			sourceTree = "<group>";
		};
		6C7873E42618BF78002D48FE /* Text Field */ = {
			isa = PBXGroup;
			children = (
				6C072420260509CC009F0E63 /* SearchTextField.swift */,
				6C7873E72618BF9C002D48FE /* SearchTextFieldViewController.swift */,
				6C7873EB2618BFE5002D48FE /* NSSearchTextField.swift */,
				6C7873EF2618C07B002D48FE /* VerticallyCenteredTextFieldCell.swift */,
			);
			path = "Text Field";
			sourceTree = "<group>";
		};
		6C82999825F699BB00A25064 /* Extensions */ = {
			isa = PBXGroup;
			children = (
				6C106F8F25F66C8D0047E0B0 /* NSMetadataItem Extension.swift */,
				6C82999325F699B600A25064 /* Notification Name Extension.swift */,
				6C5B518425F80B78000B004A /* String Extension.swift */,
				6C83FE5825FF900000DAC7C1 /* Color Extension.swift */,
				6C0723D72604FD40009F0E63 /* SearchItem Extension.swift */,
				6CB0F2CC2621BB99008A0E1F /* NSEventModifierFlags Extension.swift */,
			);
			path = Extensions;
			sourceTree = "<group>";
		};
		6CB6017325FE2DD300613136 /* Applications */ = {
			isa = PBXGroup;
			children = (
				6CB6018425FE2EFD00613136 /* Search */,
				6C344FE725FCB5E40042CC05 /* MusicControllerApp.swift */,
				6CE4209D261B4896002F0769 /* ClipboardHistoryApp.swift */,
				6CDFBFD625FE404700100171 /* ApplicationView.swift */,
				6C7873F326199E3D002D48FE /* ApplicationButton.swift */,
			);
			path = Applications;
			sourceTree = "<group>";
		};
		6CB6017625FE2E6300613136 /* Actions */ = {
			isa = PBXGroup;
			children = (
				6CE4207E2619D7C2002F0769 /* Non-Codable */,
				6C07242E260527F0009F0E63 /* Actions.json */,
			);
			path = Actions;
			sourceTree = "<group>";
		};
		6CB6017725FE2E7400613136 /* Web Search */ = {
			isa = PBXGroup;
			children = (
				6C3E3CB3262193A6001A512C /* WebSearch.swift */,
				6C5B51A425F915E2000B004A /* WebSearchItem.swift */,
				6C344FD825FBBEE80042CC05 /* WebSearchType.swift */,
			);
			path = "Web Search";
			sourceTree = "<group>";
		};
		6CB6018425FE2EFD00613136 /* Search */ = {
			isa = PBXGroup;
			children = (
				6CB6018025FE2ED100613136 /* ApplicationSearch.swift */,
				6CB6016F25FE2AD200613136 /* ApplicationSearchItem.swift */,
				6CB6017A25FE2EB200613136 /* Application.swift */,
			);
			path = Search;
			sourceTree = "<group>";
		};
		6CD5F5232624282A001E4F18 /* Views */ = {
			isa = PBXGroup;
			children = (
				6CE420A7261B5C04002F0769 /* ClipboardHistoryView.swift */,
				6CD5F51F26242821001E4F18 /* ClipboardHistoryBarView.swift */,
			);
			path = Views;
			sourceTree = "<group>";
		};
		6CE3BE3B25FF9737001636F5 /* Configuration */ = {
			isa = PBXGroup;
			children = (
				6C12A5DA25F7AD880029FBD7 /* Configuration.swift */,
				6C7873CE26170B9A002D48FE /* Font.swift */,
				6CE3BE3C25FF9755001636F5 /* DefaultConfiguration.json */,
			);
			path = Configuration;
			sourceTree = "<group>";
		};
		6CE4207E2619D7C2002F0769 /* Non-Codable */ = {
			isa = PBXGroup;
			children = (
				6CE420702619D0D3002F0769 /* SettingsAction.swift */,
			);
			path = "Non-Codable";
			sourceTree = "<group>";
		};
		6CE42085261B0A36002F0769 /* Clipboard History */ = {
			isa = PBXGroup;
			children = (
				6CD5F5232624282A001E4F18 /* Views */,
				6CE42097261B0C96002F0769 /* ClipboardManager.swift */,
				6CE42081261B09E0002F0769 /* ClipboardHistory.swift */,
				6CE42086261B0A52002F0769 /* ClipboardHistoryItem.swift */,
			);
			path = "Clipboard History";
			sourceTree = "<group>";
		};
		6CED3B0225FAA03900E61388 /* Keyboard Shortcuts */ = {
			isa = PBXGroup;
			children = (
				6C4DF3DA25FA7E10003B6D90 /* KeyboardShortcutManager.swift */,
				6CB0F2D02621BC7D008A0E1F /* KeyboardShortcutModifier.swift */,
				6CED3B0325FAA04D00E61388 /* KeyboardShortcut.swift */,
				6C3334372621FCA0006DAABC /* Key.swift */,
				6C344FDC25FBF6C70042CC05 /* KeyEvent.swift */,
			);
			path = "Keyboard Shortcuts";
			sourceTree = "<group>";
		};
/* End PBXGroup section */

/* Begin PBXNativeTarget section */
		6C106F4425F655BB0047E0B0 /* Snap */ = {
			isa = PBXNativeTarget;
			buildConfigurationList = 6C106F6E25F655BC0047E0B0 /* Build configuration list for PBXNativeTarget "Snap" */;
			buildPhases = (
				6C106F4125F655BB0047E0B0 /* Sources */,
				6C106F4225F655BB0047E0B0 /* Frameworks */,
				6C106F4325F655BB0047E0B0 /* Resources */,
			);
			buildRules = (
			);
			dependencies = (
			);
			name = Snap;
			productName = Snap;
			productReference = 6C106F4525F655BB0047E0B0 /* Snap.app */;
			productType = "com.apple.product-type.application";
		};
		6C106F5925F655BC0047E0B0 /* SnapTests */ = {
			isa = PBXNativeTarget;
			buildConfigurationList = 6C106F7125F655BC0047E0B0 /* Build configuration list for PBXNativeTarget "SnapTests" */;
			buildPhases = (
				6C106F5625F655BC0047E0B0 /* Sources */,
				6C106F5725F655BC0047E0B0 /* Frameworks */,
				6C106F5825F655BC0047E0B0 /* Resources */,
			);
			buildRules = (
			);
			dependencies = (
				6C106F5C25F655BC0047E0B0 /* PBXTargetDependency */,
			);
			name = SnapTests;
			productName = SnapTests;
			productReference = 6C106F5A25F655BC0047E0B0 /* SnapTests.xctest */;
			productType = "com.apple.product-type.bundle.unit-test";
		};
/* End PBXNativeTarget section */

/* Begin PBXProject section */
		6C106F3D25F655BB0047E0B0 /* Project object */ = {
			isa = PBXProject;
			attributes = {
				LastSwiftUpdateCheck = 1240;
				LastUpgradeCheck = 1240;
				TargetAttributes = {
					6C106F4425F655BB0047E0B0 = {
						CreatedOnToolsVersion = 12.4;
					};
					6C106F5925F655BC0047E0B0 = {
						CreatedOnToolsVersion = 12.4;
						TestTargetID = 6C106F4425F655BB0047E0B0;
					};
				};
			};
			buildConfigurationList = 6C106F4025F655BB0047E0B0 /* Build configuration list for PBXProject "Snap" */;
			compatibilityVersion = "Xcode 9.3";
			developmentRegion = en;
			hasScannedForEncodings = 0;
			knownRegions = (
				en,
				Base,
			);
			mainGroup = 6C106F3C25F655BB0047E0B0;
			productRefGroup = 6C106F4625F655BB0047E0B0 /* Products */;
			projectDirPath = "";
			projectRoot = "";
			targets = (
				6C106F4425F655BB0047E0B0 /* Snap */,
				6C106F5925F655BC0047E0B0 /* SnapTests */,
			);
		};
/* End PBXProject section */

/* Begin PBXResourcesBuildPhase section */
		6C106F4325F655BB0047E0B0 /* Resources */ = {
			isa = PBXResourcesBuildPhase;
			buildActionMask = 2147483647;
			files = (
				6C106F5325F655BC0047E0B0 /* Main.storyboard in Resources */,
				6C106F5025F655BC0047E0B0 /* Preview Assets.xcassets in Resources */,
				6C3B16CF2626FCCB00CAC6A6 /* Allow Full Disk Access.mp4 in Resources */,
				6CE3BE3D25FF9755001636F5 /* DefaultConfiguration.json in Resources */,
				6C106F4D25F655BC0047E0B0 /* Assets.xcassets in Resources */,
				6C07242F260527F0009F0E63 /* Actions.json in Resources */,
			);
			runOnlyForDeploymentPostprocessing = 0;
		};
		6C106F5825F655BC0047E0B0 /* Resources */ = {
			isa = PBXResourcesBuildPhase;
			buildActionMask = 2147483647;
			files = (
			);
			runOnlyForDeploymentPostprocessing = 0;
		};
/* End PBXResourcesBuildPhase section */

/* Begin PBXSourcesBuildPhase section */
		6C106F4125F655BB0047E0B0 /* Sources */ = {
			isa = PBXSourcesBuildPhase;
			buildActionMask = 2147483647;
			files = (
				6C344FD925FBBEE80042CC05 /* WebSearchType.swift in Sources */,
				6C12A5D325F79C320029FBD7 /* Permissions.swift in Sources */,
				6CE4209E261B4896002F0769 /* ClipboardHistoryApp.swift in Sources */,
				6C7873F426199E3D002D48FE /* ApplicationButton.swift in Sources */,
				6C4DF3DB25FA7E10003B6D90 /* KeyboardShortcutManager.swift in Sources */,
				6C75A0392603967B0074DF40 /* SettingsSection.swift in Sources */,
				6C072421260509CC009F0E63 /* SearchTextField.swift in Sources */,
				6C5B51A525F915E2000B004A /* WebSearchItem.swift in Sources */,
				6CE420712619D0D3002F0769 /* SettingsAction.swift in Sources */,
				6C5B517325F7FE38000B004A /* ActionSearch.swift in Sources */,
				6C7873D726179C39002D48FE /* FontPickerView.swift in Sources */,
				6C12A5EA25F7D59A0029FBD7 /* SearchItemView.swift in Sources */,
				6CB6017B25FE2EB200613136 /* Application.swift in Sources */,
				6CE420A8261B5C04002F0769 /* ClipboardHistoryView.swift in Sources */,
				6C106F8325F658670047E0B0 /* SearchItem.swift in Sources */,
				6C344FED25FCC7C60042CC05 /* Bookmark.swift in Sources */,
				6CDFBFD725FE404700100171 /* ApplicationView.swift in Sources */,
				6C83FE5925FF900000DAC7C1 /* Color Extension.swift in Sources */,
				6CB6017025FE2AD200613136 /* ApplicationSearchItem.swift in Sources */,
				6CE420772619D1D1002F0769 /* SnapActions.swift in Sources */,
				6C5B518525F80B78000B004A /* String Extension.swift in Sources */,
				6CD5F52026242821001E4F18 /* ClipboardHistoryBarView.swift in Sources */,
				6C3334382621FCA0006DAABC /* Key.swift in Sources */,
				6CB6018125FE2ED100613136 /* ApplicationSearch.swift in Sources */,
				6C344FD325FB96550042CC05 /* AppleScript.swift in Sources */,
				6C12A5DB25F7AD880029FBD7 /* Configuration.swift in Sources */,
				6C4B3E13260766D100632AFF /* QuickLook.swift in Sources */,
				6C106F9025F66C8D0047E0B0 /* NSMetadataItem Extension.swift in Sources */,
				6C7873CF26170B9A002D48FE /* Font.swift in Sources */,
				6C106F7E25F655EB0047E0B0 /* Search.swift in Sources */,
				6C344FE825FCB5E40042CC05 /* MusicControllerApp.swift in Sources */,
				6C5B518E25F80E15000B004A /* SpotlightSearchItem.swift in Sources */,
				6C3E3CB4262193A6001A512C /* WebSearch.swift in Sources */,
				6C0723D22604DE69009F0E63 /* Icon.swift in Sources */,
				6C106F4B25F655BB0047E0B0 /* SearchView.swift in Sources */,
				6C7873F02618C07B002D48FE /* VerticallyCenteredTextFieldCell.swift in Sources */,
				6C12A5E525F7C7540029FBD7 /* SearchBarView.swift in Sources */,
				6CB0F2D12621BC7D008A0E1F /* KeyboardShortcutModifier.swift in Sources */,
				6CE42082261B09E0002F0769 /* ClipboardHistory.swift in Sources */,
				6CE420A4261B5972002F0769 /* ItemView.swift in Sources */,
				6C7873CB26170B65002D48FE /* FontPicker.swift in Sources */,
				6C07246D2605F9ED009F0E63 /* Snap.swift in Sources */,
				6CB0F2CD2621BB99008A0E1F /* NSEventModifierFlags Extension.swift in Sources */,
				6C106F4925F655BB0047E0B0 /* AppDelegate.swift in Sources */,
				6C75A007260279460074DF40 /* SettingsView.swift in Sources */,
				6C82999425F699B600A25064 /* Notification Name Extension.swift in Sources */,
				6CE42087261B0A52002F0769 /* ClipboardHistoryItem.swift in Sources */,
				6CE42098261B0C96002F0769 /* ClipboardManager.swift in Sources */,
				6CED3B0425FAA04D00E61388 /* KeyboardShortcut.swift in Sources */,
				6C7873EC2618BFE5002D48FE /* NSSearchTextField.swift in Sources */,
				6C344FDD25FBF6C70042CC05 /* KeyEvent.swift in Sources */,
				6C7873E82618BF9C002D48FE /* SearchTextFieldViewController.swift in Sources */,
				6C0723D82604FD40009F0E63 /* SearchItem Extension.swift in Sources */,
				6C75A03D260396900074DF40 /* KeyboardShortcutView.swift in Sources */,
				6C5B519425F90250000B004A /* ActionDecoder.swift in Sources */,
				6C5B517D25F80757000B004A /* ActionSearchItem.swift in Sources */,
				6C12A5E025F7C5E00029FBD7 /* SearchResultView.swift in Sources */,
			);
			runOnlyForDeploymentPostprocessing = 0;
		};
		6C106F5625F655BC0047E0B0 /* Sources */ = {
			isa = PBXSourcesBuildPhase;
			buildActionMask = 2147483647;
			files = (
				6C106F5F25F655BC0047E0B0 /* SnapTests.swift in Sources */,
			);
			runOnlyForDeploymentPostprocessing = 0;
		};
/* End PBXSourcesBuildPhase section */

/* Begin PBXTargetDependency section */
		6C106F5C25F655BC0047E0B0 /* PBXTargetDependency */ = {
			isa = PBXTargetDependency;
			target = 6C106F4425F655BB0047E0B0 /* Snap */;
			targetProxy = 6C106F5B25F655BC0047E0B0 /* PBXContainerItemProxy */;
		};
/* End PBXTargetDependency section */

/* Begin PBXVariantGroup section */
		6C106F5125F655BC0047E0B0 /* Main.storyboard */ = {
			isa = PBXVariantGroup;
			children = (
				6C106F5225F655BC0047E0B0 /* Base */,
			);
			name = Main.storyboard;
			sourceTree = "<group>";
		};
/* End PBXVariantGroup section */

/* Begin XCBuildConfiguration section */
		6C106F6C25F655BC0047E0B0 /* Debug */ = {
			isa = XCBuildConfiguration;
			buildSettings = {
				ALWAYS_SEARCH_USER_PATHS = NO;
				CLANG_ANALYZER_NONNULL = YES;
				CLANG_ANALYZER_NUMBER_OBJECT_CONVERSION = YES_AGGRESSIVE;
				CLANG_CXX_LANGUAGE_STANDARD = "gnu++14";
				CLANG_CXX_LIBRARY = "libc++";
				CLANG_ENABLE_MODULES = YES;
				CLANG_ENABLE_OBJC_ARC = YES;
				CLANG_ENABLE_OBJC_WEAK = YES;
				CLANG_WARN_BLOCK_CAPTURE_AUTORELEASING = YES;
				CLANG_WARN_BOOL_CONVERSION = YES;
				CLANG_WARN_COMMA = YES;
				CLANG_WARN_CONSTANT_CONVERSION = YES;
				CLANG_WARN_DEPRECATED_OBJC_IMPLEMENTATIONS = YES;
				CLANG_WARN_DIRECT_OBJC_ISA_USAGE = YES_ERROR;
				CLANG_WARN_DOCUMENTATION_COMMENTS = YES;
				CLANG_WARN_EMPTY_BODY = YES;
				CLANG_WARN_ENUM_CONVERSION = YES;
				CLANG_WARN_INFINITE_RECURSION = YES;
				CLANG_WARN_INT_CONVERSION = YES;
				CLANG_WARN_NON_LITERAL_NULL_CONVERSION = YES;
				CLANG_WARN_OBJC_IMPLICIT_RETAIN_SELF = YES;
				CLANG_WARN_OBJC_LITERAL_CONVERSION = YES;
				CLANG_WARN_OBJC_ROOT_CLASS = YES_ERROR;
				CLANG_WARN_QUOTED_INCLUDE_IN_FRAMEWORK_HEADER = YES;
				CLANG_WARN_RANGE_LOOP_ANALYSIS = YES;
				CLANG_WARN_STRICT_PROTOTYPES = YES;
				CLANG_WARN_SUSPICIOUS_MOVE = YES;
				CLANG_WARN_UNGUARDED_AVAILABILITY = YES_AGGRESSIVE;
				CLANG_WARN_UNREACHABLE_CODE = YES;
				CLANG_WARN__DUPLICATE_METHOD_MATCH = YES;
				COPY_PHASE_STRIP = NO;
				DEBUG_INFORMATION_FORMAT = dwarf;
				ENABLE_STRICT_OBJC_MSGSEND = YES;
				ENABLE_TESTABILITY = YES;
				GCC_C_LANGUAGE_STANDARD = gnu11;
				GCC_DYNAMIC_NO_PIC = NO;
				GCC_NO_COMMON_BLOCKS = YES;
				GCC_OPTIMIZATION_LEVEL = 0;
				GCC_PREPROCESSOR_DEFINITIONS = (
					"DEBUG=1",
					"$(inherited)",
				);
				GCC_WARN_64_TO_32_BIT_CONVERSION = YES;
				GCC_WARN_ABOUT_RETURN_TYPE = YES_ERROR;
				GCC_WARN_UNDECLARED_SELECTOR = YES;
				GCC_WARN_UNINITIALIZED_AUTOS = YES_AGGRESSIVE;
				GCC_WARN_UNUSED_FUNCTION = YES;
				GCC_WARN_UNUSED_VARIABLE = YES;
				MACOSX_DEPLOYMENT_TARGET = 11.1;
				MTL_ENABLE_DEBUG_INFO = INCLUDE_SOURCE;
				MTL_FAST_MATH = YES;
				ONLY_ACTIVE_ARCH = YES;
				SDKROOT = macosx;
				SWIFT_ACTIVE_COMPILATION_CONDITIONS = DEBUG;
				SWIFT_OPTIMIZATION_LEVEL = "-Onone";
			};
			name = Debug;
		};
		6C106F6D25F655BC0047E0B0 /* Release */ = {
			isa = XCBuildConfiguration;
			buildSettings = {
				ALWAYS_SEARCH_USER_PATHS = NO;
				CLANG_ANALYZER_NONNULL = YES;
				CLANG_ANALYZER_NUMBER_OBJECT_CONVERSION = YES_AGGRESSIVE;
				CLANG_CXX_LANGUAGE_STANDARD = "gnu++14";
				CLANG_CXX_LIBRARY = "libc++";
				CLANG_ENABLE_MODULES = YES;
				CLANG_ENABLE_OBJC_ARC = YES;
				CLANG_ENABLE_OBJC_WEAK = YES;
				CLANG_WARN_BLOCK_CAPTURE_AUTORELEASING = YES;
				CLANG_WARN_BOOL_CONVERSION = YES;
				CLANG_WARN_COMMA = YES;
				CLANG_WARN_CONSTANT_CONVERSION = YES;
				CLANG_WARN_DEPRECATED_OBJC_IMPLEMENTATIONS = YES;
				CLANG_WARN_DIRECT_OBJC_ISA_USAGE = YES_ERROR;
				CLANG_WARN_DOCUMENTATION_COMMENTS = YES;
				CLANG_WARN_EMPTY_BODY = YES;
				CLANG_WARN_ENUM_CONVERSION = YES;
				CLANG_WARN_INFINITE_RECURSION = YES;
				CLANG_WARN_INT_CONVERSION = YES;
				CLANG_WARN_NON_LITERAL_NULL_CONVERSION = YES;
				CLANG_WARN_OBJC_IMPLICIT_RETAIN_SELF = YES;
				CLANG_WARN_OBJC_LITERAL_CONVERSION = YES;
				CLANG_WARN_OBJC_ROOT_CLASS = YES_ERROR;
				CLANG_WARN_QUOTED_INCLUDE_IN_FRAMEWORK_HEADER = YES;
				CLANG_WARN_RANGE_LOOP_ANALYSIS = YES;
				CLANG_WARN_STRICT_PROTOTYPES = YES;
				CLANG_WARN_SUSPICIOUS_MOVE = YES;
				CLANG_WARN_UNGUARDED_AVAILABILITY = YES_AGGRESSIVE;
				CLANG_WARN_UNREACHABLE_CODE = YES;
				CLANG_WARN__DUPLICATE_METHOD_MATCH = YES;
				COPY_PHASE_STRIP = NO;
				DEBUG_INFORMATION_FORMAT = "dwarf-with-dsym";
				ENABLE_NS_ASSERTIONS = NO;
				ENABLE_STRICT_OBJC_MSGSEND = YES;
				GCC_C_LANGUAGE_STANDARD = gnu11;
				GCC_NO_COMMON_BLOCKS = YES;
				GCC_WARN_64_TO_32_BIT_CONVERSION = YES;
				GCC_WARN_ABOUT_RETURN_TYPE = YES_ERROR;
				GCC_WARN_UNDECLARED_SELECTOR = YES;
				GCC_WARN_UNINITIALIZED_AUTOS = YES_AGGRESSIVE;
				GCC_WARN_UNUSED_FUNCTION = YES;
				GCC_WARN_UNUSED_VARIABLE = YES;
				MACOSX_DEPLOYMENT_TARGET = 11.1;
				MTL_ENABLE_DEBUG_INFO = NO;
				MTL_FAST_MATH = YES;
				SDKROOT = macosx;
				SWIFT_COMPILATION_MODE = wholemodule;
				SWIFT_OPTIMIZATION_LEVEL = "-O";
			};
			name = Release;
		};
		6C106F6F25F655BC0047E0B0 /* Debug */ = {
			isa = XCBuildConfiguration;
			buildSettings = {
				ASSETCATALOG_COMPILER_APPICON_NAME = AppIcon;
				ASSETCATALOG_COMPILER_GLOBAL_ACCENT_COLOR_NAME = AccentColor;
				CODE_SIGN_ENTITLEMENTS = Snap/Snap.entitlements;
				CODE_SIGN_STYLE = Automatic;
				COMBINE_HIDPI_IMAGES = YES;
				DEVELOPMENT_ASSET_PATHS = "\"Snap/Preview Content\"";
				DEVELOPMENT_TEAM = BNNQH627DX;
				ENABLE_HARDENED_RUNTIME = YES;
				ENABLE_PREVIEWS = YES;
				INFOPLIST_FILE = Snap/Info.plist;
				LD_RUNPATH_SEARCH_PATHS = (
					"$(inherited)",
					"@executable_path/../Frameworks",
				);
				MACOSX_DEPLOYMENT_TARGET = 11.0;
				PRODUCT_BUNDLE_IDENTIFIER = com.techris.Snap;
				PRODUCT_NAME = "$(TARGET_NAME)";
				SWIFT_VERSION = 5.0;
			};
			name = Debug;
		};
		6C106F7025F655BC0047E0B0 /* Release */ = {
			isa = XCBuildConfiguration;
			buildSettings = {
				ASSETCATALOG_COMPILER_APPICON_NAME = AppIcon;
				ASSETCATALOG_COMPILER_GLOBAL_ACCENT_COLOR_NAME = AccentColor;
				CODE_SIGN_ENTITLEMENTS = Snap/Snap.entitlements;
				CODE_SIGN_STYLE = Automatic;
				COMBINE_HIDPI_IMAGES = YES;
				DEVELOPMENT_ASSET_PATHS = "\"Snap/Preview Content\"";
				DEVELOPMENT_TEAM = BNNQH627DX;
				ENABLE_HARDENED_RUNTIME = YES;
				ENABLE_PREVIEWS = YES;
				INFOPLIST_FILE = Snap/Info.plist;
				LD_RUNPATH_SEARCH_PATHS = (
					"$(inherited)",
					"@executable_path/../Frameworks",
				);
				MACOSX_DEPLOYMENT_TARGET = 11.0;
				PRODUCT_BUNDLE_IDENTIFIER = com.techris.Snap;
				PRODUCT_NAME = "$(TARGET_NAME)";
				SWIFT_VERSION = 5.0;
			};
			name = Release;
		};
		6C106F7225F655BC0047E0B0 /* Debug */ = {
			isa = XCBuildConfiguration;
			buildSettings = {
				ALWAYS_EMBED_SWIFT_STANDARD_LIBRARIES = YES;
				BUNDLE_LOADER = "$(TEST_HOST)";
				CODE_SIGN_STYLE = Automatic;
				COMBINE_HIDPI_IMAGES = YES;
				DEVELOPMENT_TEAM = BNNQH627DX;
				INFOPLIST_FILE = SnapTests/Info.plist;
				LD_RUNPATH_SEARCH_PATHS = (
					"$(inherited)",
					"@executable_path/../Frameworks",
					"@loader_path/../Frameworks",
				);
				MACOSX_DEPLOYMENT_TARGET = 11.0;
				PRODUCT_BUNDLE_IDENTIFIER = com.techris.SnapTests;
				PRODUCT_NAME = "$(TARGET_NAME)";
				SWIFT_VERSION = 5.0;
				TEST_HOST = "$(BUILT_PRODUCTS_DIR)/Snap.app/Contents/MacOS/Snap";
			};
			name = Debug;
		};
		6C106F7325F655BC0047E0B0 /* Release */ = {
			isa = XCBuildConfiguration;
			buildSettings = {
				ALWAYS_EMBED_SWIFT_STANDARD_LIBRARIES = YES;
				BUNDLE_LOADER = "$(TEST_HOST)";
				CODE_SIGN_STYLE = Automatic;
				COMBINE_HIDPI_IMAGES = YES;
				DEVELOPMENT_TEAM = BNNQH627DX;
				INFOPLIST_FILE = SnapTests/Info.plist;
				LD_RUNPATH_SEARCH_PATHS = (
					"$(inherited)",
					"@executable_path/../Frameworks",
					"@loader_path/../Frameworks",
				);
				MACOSX_DEPLOYMENT_TARGET = 11.0;
				PRODUCT_BUNDLE_IDENTIFIER = com.techris.SnapTests;
				PRODUCT_NAME = "$(TARGET_NAME)";
				SWIFT_VERSION = 5.0;
				TEST_HOST = "$(BUILT_PRODUCTS_DIR)/Snap.app/Contents/MacOS/Snap";
			};
			name = Release;
		};
/* End XCBuildConfiguration section */

/* Begin XCConfigurationList section */
		6C106F4025F655BB0047E0B0 /* Build configuration list for PBXProject "Snap" */ = {
			isa = XCConfigurationList;
			buildConfigurations = (
				6C106F6C25F655BC0047E0B0 /* Debug */,
				6C106F6D25F655BC0047E0B0 /* Release */,
			);
			defaultConfigurationIsVisible = 0;
			defaultConfigurationName = Release;
		};
		6C106F6E25F655BC0047E0B0 /* Build configuration list for PBXNativeTarget "Snap" */ = {
			isa = XCConfigurationList;
			buildConfigurations = (
				6C106F6F25F655BC0047E0B0 /* Debug */,
				6C106F7025F655BC0047E0B0 /* Release */,
			);
			defaultConfigurationIsVisible = 0;
			defaultConfigurationName = Release;
		};
		6C106F7125F655BC0047E0B0 /* Build configuration list for PBXNativeTarget "SnapTests" */ = {
			isa = XCConfigurationList;
			buildConfigurations = (
				6C106F7225F655BC0047E0B0 /* Debug */,
				6C106F7325F655BC0047E0B0 /* Release */,
			);
			defaultConfigurationIsVisible = 0;
			defaultConfigurationName = Release;
		};
/* End XCConfigurationList section */
	};
	rootObject = 6C106F3D25F655BB0047E0B0 /* Project object */;
}
